
Microsoft Visual Studio Solution File, Format Version 12.00
# Visual Studio 15
Project("{FAE04EC0-301F-11D3-BF4B-00C04F79EFBC}") = "Assembly-CSharp", "Assembly-CSharp.csproj", "{6F1664DB-B442-275F-F5D7-901089E60796}"
EndProject
Project("{FAE04EC0-301F-11D3-BF4B-00C04F79EFBC}") = "Assembly-CSharp-Editor", "Assembly-CSharp-Editor.csproj", "{9539FA17-2300-DF79-07F3-E64203C42D58}"
EndProject
Project("{FAE04EC0-301F-11D3-BF4B-00C04F79EFBC}") = "WaterSystem.Editor", "WaterSystem.Editor.csproj", "{21444C37-BEAE-CF1A-50D1-7A9CB8ADAF3C}"
EndProject
Project("{FAE04EC0-301F-11D3-BF4B-00C04F79EFBC}") = "WaterSystem", "WaterSystem.csproj", "{65C36703-63C6-1BFE-D5AD-785F8C2302F8}"
EndProject
Global
	GlobalSection(SolutionConfigurationPlatforms) = preSolution
		Debug|Any CPU = Debug|Any CPU
		Release|Any CPU = Release|Any CPU
	EndGlobalSection
	GlobalSection(ProjectConfigurationPlatforms) = postSolution
		{6F1664DB-B442-275F-F5D7-901089E60796}.Debug|Any CPU.ActiveCfg = Debug|Any CPU
		{6F1664DB-B442-275F-F5D7-901089E60796}.Debug|Any CPU.Build.0 = Debug|Any CPU
		{6F1664DB-B442-275F-F5D7-901089E60796}.Release|Any CPU.ActiveCfg = Release|Any CPU
		{6F1664DB-B442-275F-F5D7-901089E60796}.Release|Any CPU.Build.0 = Release|Any CPU
		{9539FA17-2300-DF79-07F3-E64203C42D58}.Debug|Any CPU.ActiveCfg = Debug|Any CPU
		{9539FA17-2300-DF79-07F3-E64203C42D58}.Debug|Any CPU.Build.0 = Debug|Any CPU
		{9539FA17-2300-DF79-07F3-E64203C42D58}.Release|Any CPU.ActiveCfg = Release|Any CPU
		{9539FA17-2300-DF79-07F3-E64203C42D58}.Release|Any CPU.Build.0 = Release|Any CPU
		{21444C37-BEAE-CF1A-50D1-7A9CB8ADAF3C}.Debug|Any CPU.ActiveCfg = Debug|Any CPU
		{21444C37-BEAE-CF1A-50D1-7A9CB8ADAF3C}.Debug|Any CPU.Build.0 = Debug|Any CPU
		{21444C37-BEAE-CF1A-50D1-7A9CB8ADAF3C}.Release|Any CPU.ActiveCfg = Release|Any CPU
		{21444C37-BEAE-CF1A-50D1-7A9CB8ADAF3C}.Release|Any CPU.Build.0 = Release|Any CPU
		{65C36703-63C6-1BFE-D5AD-785F8C2302F8}.Debug|Any CPU.ActiveCfg = Debug|Any CPU
		{65C36703-63C6-1BFE-D5AD-785F8C2302F8}.Debug|Any CPU.Build.0 = Debug|Any CPU
		{65C36703-63C6-1BFE-D5AD-785F8C2302F8}.Release|Any CPU.ActiveCfg = Release|Any CPU
		{65C36703-63C6-1BFE-D5AD-785F8C2302F8}.Release|Any CPU.Build.0 = Release|Any CPU
	EndGlobalSection
	GlobalSection(SolutionProperties) = preSolution
		HideSolutionNode = FALSE
	EndGlobalSection
EndGlobal
